
Microsoft Visual Studio Solution File, Format Version 12.00
# Visual Studio Version 17
VisualStudioVersion = 17.10.35027.167
MinimumVisualStudioVersion = 10.0.40219.1
Project("{FAE04EC0-301F-11D3-BF4B-00C04F79EFBC}") = "Q.Web", "Q.Web\Q.Web.csproj", "{C48C81BC-EBB8-4A38-B316-65EA288FB302}"
EndProject
Project("{FAE04EC0-301F-11D3-BF4B-00C04F79EFBC}") = "Q.EF", "Q.EF\Q.EF.csproj", "{589DB8D3-5A44-42A4-81D3-D1DBE5E798D7}"
EndProject
Project("{FAE04EC0-301F-11D3-BF4B-00C04F79EFBC}") = "Q.Reporsitory", "Q.Reporsitory\Q.Reporsitory.csproj", "{4A85C662-7468-459C-9133-47EAC9968841}"
EndProject
Project("{FAE04EC0-301F-11D3-BF4B-00C04F79EFBC}") = "Q.VM", "Q.VM\Q.VM.csproj", "{16ED6F16-F14D-4F4B-AAE7-53AC7123FA22}"
EndProject
Project("{FAE04EC0-301F-11D3-BF4B-00C04F79EFBC}") = "Q.Service", "Q.Service\Q.Service.csproj", "{09B6838C-52FD-4F81-AE9A-DEBDD06A6F2A}"
EndProject
Project("{FAE04EC0-301F-11D3-BF4B-00C04F79EFBC}") = "Q.IoC", "Q.IoC\Q.IoC.csproj", "{0C9766D0-2FDF-4287-B7B0-8D5C76AED2B2}"
EndProject
Project("{2150E333-8FDC-42A3-9474-1A3956D46DE8}") = "Domain", "Domain", "{8592490F-FA83-4050-8BBF-0013655073E1}"
EndProject
Project("{2150E333-8FDC-42A3-9474-1A3956D46DE8}") = "Application", "Application", "{F6680646-8DC8-42AB-9AE0-084CB8866EA6}"
EndProject
Project("{2150E333-8FDC-42A3-9474-1A3956D46DE8}") = "Infrastructure", "Infrastructure", "{1A49588D-8EBD-4ABF-B710-8715FE8152A1}"
EndProject
Project("{2150E333-8FDC-42A3-9474-1A3956D46DE8}") = "Host", "Host", "{D9C25EC4-EF14-4976-A2CE-B356C9D15DEB}"
EndProject
Global
	GlobalSection(SolutionConfigurationPlatforms) = preSolution
		Debug|Any CPU = Debug|Any CPU
		Release|Any CPU = Release|Any CPU
	EndGlobalSection
	GlobalSection(ProjectConfigurationPlatforms) = postSolution
		{C48C81BC-EBB8-4A38-B316-65EA288FB302}.Debug|Any CPU.ActiveCfg = Debug|Any CPU
		{C48C81BC-EBB8-4A38-B316-65EA288FB302}.Debug|Any CPU.Build.0 = Debug|Any CPU
		{C48C81BC-EBB8-4A38-B316-65EA288FB302}.Release|Any CPU.ActiveCfg = Release|Any CPU
		{C48C81BC-EBB8-4A38-B316-65EA288FB302}.Release|Any CPU.Build.0 = Release|Any CPU
		{589DB8D3-5A44-42A4-81D3-D1DBE5E798D7}.Debug|Any CPU.ActiveCfg = Debug|Any CPU
		{589DB8D3-5A44-42A4-81D3-D1DBE5E798D7}.Debug|Any CPU.Build.0 = Debug|Any CPU
		{589DB8D3-5A44-42A4-81D3-D1DBE5E798D7}.Release|Any CPU.ActiveCfg = Release|Any CPU
		{589DB8D3-5A44-42A4-81D3-D1DBE5E798D7}.Release|Any CPU.Build.0 = Release|Any CPU
		{4A85C662-7468-459C-9133-47EAC9968841}.Debug|Any CPU.ActiveCfg = Debug|Any CPU
		{4A85C662-7468-459C-9133-47EAC9968841}.Debug|Any CPU.Build.0 = Debug|Any CPU
		{4A85C662-7468-459C-9133-47EAC9968841}.Release|Any CPU.ActiveCfg = Release|Any CPU
		{4A85C662-7468-459C-9133-47EAC9968841}.Release|Any CPU.Build.0 = Release|Any CPU
		{16ED6F16-F14D-4F4B-AAE7-53AC7123FA22}.Debug|Any CPU.ActiveCfg = Debug|Any CPU
		{16ED6F16-F14D-4F4B-AAE7-53AC7123FA22}.Debug|Any CPU.Build.0 = Debug|Any CPU
		{16ED6F16-F14D-4F4B-AAE7-53AC7123FA22}.Release|Any CPU.ActiveCfg = Release|Any CPU
		{16ED6F16-F14D-4F4B-AAE7-53AC7123FA22}.Release|Any CPU.Build.0 = Release|Any CPU
		{09B6838C-52FD-4F81-AE9A-DEBDD06A6F2A}.Debug|Any CPU.ActiveCfg = Debug|Any CPU
		{09B6838C-52FD-4F81-AE9A-DEBDD06A6F2A}.Debug|Any CPU.Build.0 = Debug|Any CPU
		{09B6838C-52FD-4F81-AE9A-DEBDD06A6F2A}.Release|Any CPU.ActiveCfg = Release|Any CPU
		{09B6838C-52FD-4F81-AE9A-DEBDD06A6F2A}.Release|Any CPU.Build.0 = Release|Any CPU
		{0C9766D0-2FDF-4287-B7B0-8D5C76AED2B2}.Debug|Any CPU.ActiveCfg = Debug|Any CPU
		{0C9766D0-2FDF-4287-B7B0-8D5C76AED2B2}.Debug|Any CPU.Build.0 = Debug|Any CPU
		{0C9766D0-2FDF-4287-B7B0-8D5C76AED2B2}.Release|Any CPU.ActiveCfg = Release|Any CPU
		{0C9766D0-2FDF-4287-B7B0-8D5C76AED2B2}.Release|Any CPU.Build.0 = Release|Any CPU
	EndGlobalSection
	GlobalSection(SolutionProperties) = preSolution
		HideSolutionNode = FALSE
	EndGlobalSection
	GlobalSection(NestedProjects) = preSolution
		{C48C81BC-EBB8-4A38-B316-65EA288FB302} = {D9C25EC4-EF14-4976-A2CE-B356C9D15DEB}
		{589DB8D3-5A44-42A4-81D3-D1DBE5E798D7} = {8592490F-FA83-4050-8BBF-0013655073E1}
		{4A85C662-7468-459C-9133-47EAC9968841} = {F6680646-8DC8-42AB-9AE0-084CB8866EA6}
		{16ED6F16-F14D-4F4B-AAE7-53AC7123FA22} = {1A49588D-8EBD-4ABF-B710-8715FE8152A1}
		{09B6838C-52FD-4F81-AE9A-DEBDD06A6F2A} = {1A49588D-8EBD-4ABF-B710-8715FE8152A1}
		{0C9766D0-2FDF-4287-B7B0-8D5C76AED2B2} = {1A49588D-8EBD-4ABF-B710-8715FE8152A1}
	EndGlobalSection
	GlobalSection(ExtensibilityGlobals) = postSolution
		SolutionGuid = {C05CD9B2-5FA0-4F3B-98BD-7A602EB2C794}
	EndGlobalSection
EndGlobal
